
Microsoft Visual Studio Solution File, Format Version 12.00
# Visual Studio Version 17
VisualStudioVersion = 17.0.31903.59
MinimumVisualStudioVersion = 10.0.40219.1
Project("{2150E333-8FDC-42A3-9474-1A3956D46DE8}") = "src", "src", "{827E0CD3-B72D-47B6-A68D-7590B98EB39B}"
EndProject
Project("{FAE04EC0-301F-11D3-BF4B-00C04F79EFBC}") = "Beeexy.Api", "src\Beeexy.Api\Beeexy.Api.csproj", "{B17108A6-15C1-4D78-B237-7ECA8B0384D1}"
EndProject
Project("{FAE04EC0-301F-11D3-BF4B-00C04F79EFBC}") = "Beeexy.Application", "src\Beeexy.Application\Beeexy.Application.csproj", "{BDE2E218-54C4-4DBE-B0A2-0B55B7100EC3}"
EndProject
Project("{FAE04EC0-301F-11D3-BF4B-00C04F79EFBC}") = "Beeexy.Domain", "src\Beeexy.Domain\Beeexy.Domain.csproj", "{6E676CE2-3545-4236-A455-33EFCB30812F}"
EndProject
Project("{FAE04EC0-301F-11D3-BF4B-00C04F79EFBC}") = "Beeexy.Infrastructure", "src\Beeexy.Infrastructure\Beeexy.Infrastructure.csproj", "{54885FD8-463E-476D-B266-7A33B2C21B20}"
EndProject
Project("{2150E333-8FDC-42A3-9474-1A3956D46DE8}") = "tests", "tests", "{0AB3BF05-4346-4AA6-1389-037BE0695223}"
EndProject
Project("{FAE04EC0-301F-11D3-BF4B-00C04F79EFBC}") = "Beeexy.Tests.Unit", "tests\Beeexy.Tests.Unit\Beeexy.Tests.Unit.csproj", "{205C2201-A1D3-44C9-8BED-84C765BD7929}"
EndProject
Project("{FAE04EC0-301F-11D3-BF4B-00C04F79EFBC}") = "Beeexy.Tests.Integration", "tests\Beeexy.Tests.Integration\Beeexy.Tests.Integration.csproj", "{594ADA6F-7667-4A84-A74F-C175BD05D2A2}"
EndProject
Global
	GlobalSection(SolutionConfigurationPlatforms) = preSolution
		Debug|Any CPU = Debug|Any CPU
		Debug|x64 = Debug|x64
		Debug|x86 = Debug|x86
		Release|Any CPU = Release|Any CPU
		Release|x64 = Release|x64
		Release|x86 = Release|x86
	EndGlobalSection
	GlobalSection(ProjectConfigurationPlatforms) = postSolution
		{B17108A6-15C1-4D78-B237-7ECA8B0384D1}.Debug|Any CPU.ActiveCfg = Debug|Any CPU
		{B17108A6-15C1-4D78-B237-7ECA8B0384D1}.Debug|Any CPU.Build.0 = Debug|Any CPU
		{B17108A6-15C1-4D78-B237-7ECA8B0384D1}.Debug|x64.ActiveCfg = Debug|Any CPU
		{B17108A6-15C1-4D78-B237-7ECA8B0384D1}.Debug|x64.Build.0 = Debug|Any CPU
		{B17108A6-15C1-4D78-B237-7ECA8B0384D1}.Debug|x86.ActiveCfg = Debug|Any CPU
		{B17108A6-15C1-4D78-B237-7ECA8B0384D1}.Debug|x86.Build.0 = Debug|Any CPU
		{B17108A6-15C1-4D78-B237-7ECA8B0384D1}.Release|Any CPU.ActiveCfg = Release|Any CPU
		{B17108A6-15C1-4D78-B237-7ECA8B0384D1}.Release|Any CPU.Build.0 = Release|Any CPU
		{B17108A6-15C1-4D78-B237-7ECA8B0384D1}.Release|x64.ActiveCfg = Release|Any CPU
		{B17108A6-15C1-4D78-B237-7ECA8B0384D1}.Release|x64.Build.0 = Release|Any CPU
		{B17108A6-15C1-4D78-B237-7ECA8B0384D1}.Release|x86.ActiveCfg = Release|Any CPU
		{B17108A6-15C1-4D78-B237-7ECA8B0384D1}.Release|x86.Build.0 = Release|Any CPU
		{BDE2E218-54C4-4DBE-B0A2-0B55B7100EC3}.Debug|Any CPU.ActiveCfg = Debug|Any CPU
		{BDE2E218-54C4-4DBE-B0A2-0B55B7100EC3}.Debug|Any CPU.Build.0 = Debug|Any CPU
		{BDE2E218-54C4-4DBE-B0A2-0B55B7100EC3}.Debug|x64.ActiveCfg = Debug|Any CPU
		{BDE2E218-54C4-4DBE-B0A2-0B55B7100EC3}.Debug|x64.Build.0 = Debug|Any CPU
		{BDE2E218-54C4-4DBE-B0A2-0B55B7100EC3}.Debug|x86.ActiveCfg = Debug|Any CPU
		{BDE2E218-54C4-4DBE-B0A2-0B55B7100EC3}.Debug|x86.Build.0 = Debug|Any CPU
		{BDE2E218-54C4-4DBE-B0A2-0B55B7100EC3}.Release|Any CPU.ActiveCfg = Release|Any CPU
		{BDE2E218-54C4-4DBE-B0A2-0B55B7100EC3}.Release|Any CPU.Build.0 = Release|Any CPU
		{BDE2E218-54C4-4DBE-B0A2-0B55B7100EC3}.Release|x64.ActiveCfg = Release|Any CPU
		{BDE2E218-54C4-4DBE-B0A2-0B55B7100EC3}.Release|x64.Build.0 = Release|Any CPU
		{BDE2E218-54C4-4DBE-B0A2-0B55B7100EC3}.Release|x86.ActiveCfg = Release|Any CPU
		{BDE2E218-54C4-4DBE-B0A2-0B55B7100EC3}.Release|x86.Build.0 = Release|Any CPU
		{6E676CE2-3545-4236-A455-33EFCB30812F}.Debug|Any CPU.ActiveCfg = Debug|Any CPU
		{6E676CE2-3545-4236-A455-33EFCB30812F}.Debug|Any CPU.Build.0 = Debug|Any CPU
		{6E676CE2-3545-4236-A455-33EFCB30812F}.Debug|x64.ActiveCfg = Debug|Any CPU
		{6E676CE2-3545-4236-A455-33EFCB30812F}.Debug|x64.Build.0 = Debug|Any CPU
		{6E676CE2-3545-4236-A455-33EFCB30812F}.Debug|x86.ActiveCfg = Debug|Any CPU
		{6E676CE2-3545-4236-A455-33EFCB30812F}.Debug|x86.Build.0 = Debug|Any CPU
		{6E676CE2-3545-4236-A455-33EFCB30812F}.Release|Any CPU.ActiveCfg = Release|Any CPU
		{6E676CE2-3545-4236-A455-33EFCB30812F}.Release|Any CPU.Build.0 = Release|Any CPU
		{6E676CE2-3545-4236-A455-33EFCB30812F}.Release|x64.ActiveCfg = Release|Any CPU
		{6E676CE2-3545-4236-A455-33EFCB30812F}.Release|x64.Build.0 = Release|Any CPU
		{6E676CE2-3545-4236-A455-33EFCB30812F}.Release|x86.ActiveCfg = Release|Any CPU
		{6E676CE2-3545-4236-A455-33EFCB30812F}.Release|x86.Build.0 = Release|Any CPU
		{54885FD8-463E-476D-B266-7A33B2C21B20}.Debug|Any CPU.ActiveCfg = Debug|Any CPU
		{54885FD8-463E-476D-B266-7A33B2C21B20}.Debug|Any CPU.Build.0 = Debug|Any CPU
		{54885FD8-463E-476D-B266-7A33B2C21B20}.Debug|x64.ActiveCfg = Debug|Any CPU
		{54885FD8-463E-476D-B266-7A33B2C21B20}.Debug|x64.Build.0 = Debug|Any CPU
		{54885FD8-463E-476D-B266-7A33B2C21B20}.Debug|x86.ActiveCfg = Debug|Any CPU
		{54885FD8-463E-476D-B266-7A33B2C21B20}.Debug|x86.Build.0 = Debug|Any CPU
		{54885FD8-463E-476D-B266-7A33B2C21B20}.Release|Any CPU.ActiveCfg = Release|Any CPU
		{54885FD8-463E-476D-B266-7A33B2C21B20}.Release|Any CPU.Build.0 = Release|Any CPU
		{54885FD8-463E-476D-B266-7A33B2C21B20}.Release|x64.ActiveCfg = Release|Any CPU
		{54885FD8-463E-476D-B266-7A33B2C21B20}.Release|x64.Build.0 = Release|Any CPU
		{54885FD8-463E-476D-B266-7A33B2C21B20}.Release|x86.ActiveCfg = Release|Any CPU
		{54885FD8-463E-476D-B266-7A33B2C21B20}.Release|x86.Build.0 = Release|Any CPU
		{205C2201-A1D3-44C9-8BED-84C765BD7929}.Debug|Any CPU.ActiveCfg = Debug|Any CPU
		{205C2201-A1D3-44C9-8BED-84C765BD7929}.Debug|Any CPU.Build.0 = Debug|Any CPU
		{205C2201-A1D3-44C9-8BED-84C765BD7929}.Debug|x64.ActiveCfg = Debug|Any CPU
		{205C2201-A1D3-44C9-8BED-84C765BD7929}.Debug|x64.Build.0 = Debug|Any CPU
		{205C2201-A1D3-44C9-8BED-84C765BD7929}.Debug|x86.ActiveCfg = Debug|Any CPU
		{205C2201-A1D3-44C9-8BED-84C765BD7929}.Debug|x86.Build.0 = Debug|Any CPU
		{205C2201-A1D3-44C9-8BED-84C765BD7929}.Release|Any CPU.ActiveCfg = Release|Any CPU
		{205C2201-A1D3-44C9-8BED-84C765BD7929}.Release|Any CPU.Build.0 = Release|Any CPU
		{205C2201-A1D3-44C9-8BED-84C765BD7929}.Release|x64.ActiveCfg = Release|Any CPU
		{205C2201-A1D3-44C9-8BED-84C765BD7929}.Release|x64.Build.0 = Release|Any CPU
		{205C2201-A1D3-44C9-8BED-84C765BD7929}.Release|x86.ActiveCfg = Release|Any CPU
		{205C2201-A1D3-44C9-8BED-84C765BD7929}.Release|x86.Build.0 = Release|Any CPU
		{594ADA6F-7667-4A84-A74F-C175BD05D2A2}.Debug|Any CPU.ActiveCfg = Debug|Any CPU
		{594ADA6F-7667-4A84-A74F-C175BD05D2A2}.Debug|Any CPU.Build.0 = Debug|Any CPU
		{594ADA6F-7667-4A84-A74F-C175BD05D2A2}.Debug|x64.ActiveCfg = Debug|Any CPU
		{594ADA6F-7667-4A84-A74F-C175BD05D2A2}.Debug|x64.Build.0 = Debug|Any CPU
		{594ADA6F-7667-4A84-A74F-C175BD05D2A2}.Debug|x86.ActiveCfg = Debug|Any CPU
		{594ADA6F-7667-4A84-A74F-C175BD05D2A2}.Debug|x86.Build.0 = Debug|Any CPU
		{594ADA6F-7667-4A84-A74F-C175BD05D2A2}.Release|Any CPU.ActiveCfg = Release|Any CPU
		{594ADA6F-7667-4A84-A74F-C175BD05D2A2}.Release|Any CPU.Build.0 = Release|Any CPU
		{594ADA6F-7667-4A84-A74F-C175BD05D2A2}.Release|x64.ActiveCfg = Release|Any CPU
		{594ADA6F-7667-4A84-A74F-C175BD05D2A2}.Release|x64.Build.0 = Release|Any CPU
		{594ADA6F-7667-4A84-A74F-C175BD05D2A2}.Release|x86.ActiveCfg = Release|Any CPU
		{594ADA6F-7667-4A84-A74F-C175BD05D2A2}.Release|x86.Build.0 = Release|Any CPU
	EndGlobalSection
	GlobalSection(SolutionProperties) = preSolution
		HideSolutionNode = FALSE
	EndGlobalSection
	GlobalSection(NestedProjects) = preSolution
		{B17108A6-15C1-4D78-B237-7ECA8B0384D1} = {827E0CD3-B72D-47B6-A68D-7590B98EB39B}
		{BDE2E218-54C4-4DBE-B0A2-0B55B7100EC3} = {827E0CD3-B72D-47B6-A68D-7590B98EB39B}
		{6E676CE2-3545-4236-A455-33EFCB30812F} = {827E0CD3-B72D-47B6-A68D-7590B98EB39B}
		{54885FD8-463E-476D-B266-7A33B2C21B20} = {827E0CD3-B72D-47B6-A68D-7590B98EB39B}
		{205C2201-A1D3-44C9-8BED-84C765BD7929} = {0AB3BF05-4346-4AA6-1389-037BE0695223}
		{594ADA6F-7667-4A84-A74F-C175BD05D2A2} = {0AB3BF05-4346-4AA6-1389-037BE0695223}
	EndGlobalSection
EndGlobal
